
Microsoft Visual Studio Solution File, Format Version 12.00
# Visual Studio Version 17
VisualStudioVersion = 17.11.35222.181
MinimumVisualStudioVersion = 10.0.40219.1
Project("{FAE04EC0-301F-11D3-BF4B-00C04F79EFBC}") = "Gym", "Gym\Gym.csproj", "{5CFC8D66-5603-4841-BF44-AE690440CC08}"
EndProject
Global
	GlobalSection(SolutionConfigurationPlatforms) = preSolution
		Debug|Any CPU = Debug|Any CPU
		Release|Any CPU = Release|Any CPU
	EndGlobalSection
	GlobalSection(ProjectConfigurationPlatforms) = postSolution
		{5CFC8D66-5603-4841-BF44-AE690440CC08}.Debug|Any CPU.ActiveCfg = Debug|Any CPU
		{5CFC8D66-5603-4841-BF44-AE690440CC08}.Debug|Any CPU.Build.0 = Debug|Any CPU
		{5CFC8D66-5603-4841-BF44-AE690440CC08}.Release|Any CPU.ActiveCfg = Release|Any CPU
		{5CFC8D66-5603-4841-BF44-AE690440CC08}.Release|Any CPU.Build.0 = Release|Any CPU
	EndGlobalSection
	GlobalSection(SolutionProperties) = preSolution
		HideSolutionNode = FALSE
	EndGlobalSection
	GlobalSection(ExtensibilityGlobals) = postSolution
		SolutionGuid = {8B7274D5-6395-4238-B3DF-79D4F05B6657}
	EndGlobalSection
EndGlobal
